
Microsoft Visual Studio Solution File, Format Version 12.00
# Visual Studio Version 17
VisualStudioVersion = 17.5.33516.290
MinimumVisualStudioVersion = 10.0.40219.1
Project("{FAE04EC0-301F-11D3-BF4B-00C04F79EFBC}") = "BoardGame", "BoardGame\BoardGame.csproj", "{34BAC252-1492-46A0-BF3A-F9083B810B4F}"
EndProject
Global
	GlobalSection(SolutionConfigurationPlatforms) = preSolution
		Debug|Any CPU = Debug|Any CPU
		Release|Any CPU = Release|Any CPU
	EndGlobalSection
	GlobalSection(ProjectConfigurationPlatforms) = postSolution
		{34BAC252-1492-46A0-BF3A-F9083B810B4F}.Debug|Any CPU.ActiveCfg = Debug|Any CPU
		{34BAC252-1492-46A0-BF3A-F9083B810B4F}.Debug|Any CPU.Build.0 = Debug|Any CPU
		{34BAC252-1492-46A0-BF3A-F9083B810B4F}.Release|Any CPU.ActiveCfg = Release|Any CPU
		{34BAC252-1492-46A0-BF3A-F9083B810B4F}.Release|Any CPU.Build.0 = Release|Any CPU
	EndGlobalSection
	GlobalSection(SolutionProperties) = preSolution
		HideSolutionNode = FALSE
	EndGlobalSection
	GlobalSection(ExtensibilityGlobals) = postSolution
		SolutionGuid = {3008DC7A-22AA-4C68-B419-5567C8C643D7}
	EndGlobalSection
EndGlobal
